// !$*UTF8*$!
{
	archiveVersion = 1;
	classes = {
	};
	objectVersion = 47;
	objects = {

/* Begin PBXBuildFile section */
		2C89F2DB1BAC758D0071C696 /* AppDelegate.swift in Sources */ = {isa = PBXBuildFile; fileRef = 2C89F2DA1BAC758D0071C696 /* AppDelegate.swift */; };
		2C89F2E21BAC758D0071C696 /* Assets.xcassets in Resources */ = {isa = PBXBuildFile; fileRef = 2C89F2E11BAC758D0071C696 /* Assets.xcassets */; };
		2C89F2E51BAC758D0071C696 /* LaunchScreen.storyboard in Resources */ = {isa = PBXBuildFile; fileRef = 2C89F2E31BAC758D0071C696 /* LaunchScreen.storyboard */; };
		2C89F2F01BAC758E0071C696 /* UITextFieldShakeSwiftTests.swift in Sources */ = {isa = PBXBuildFile; fileRef = 2C89F2EF1BAC758E0071C696 /* UITextFieldShakeSwiftTests.swift */; };
		2C89F2FB1BAC758E0071C696 /* UITextFieldShakeSwiftUITests.swift in Sources */ = {isa = PBXBuildFile; fileRef = 2C89F2FA1BAC758E0071C696 /* UITextFieldShakeSwiftUITests.swift */; };
		2C89F3441BAC77630071C696 /* UITextField+Shake.swift in Sources */ = {isa = PBXBuildFile; fileRef = 2C89F3431BAC77630071C696 /* UITextField+Shake.swift */; };
		2C89F3471BAC77B70071C696 /* Main.storyboard in Resources */ = {isa = PBXBuildFile; fileRef = 2C89F3451BAC77B70071C696 /* Main.storyboard */; };
		2C89F3481BAC77B70071C696 /* ViewController.swift in Sources */ = {isa = PBXBuildFile; fileRef = 2C89F3461BAC77B70071C696 /* ViewController.swift */; };
/* End PBXBuildFile section */

/* Begin PBXContainerItemProxy section */
		2C89F2EC1BAC758E0071C696 /* PBXContainerItemProxy */ = {
			isa = PBXContainerItemProxy;
			containerPortal = 2C89F2CF1BAC758D0071C696 /* Project object */;
			proxyType = 1;
			remoteGlobalIDString = 2C89F2D61BAC758D0071C696;
			remoteInfo = UITextFieldShakeSwift;
		};
		2C89F2F71BAC758E0071C696 /* PBXContainerItemProxy */ = {
			isa = PBXContainerItemProxy;
			containerPortal = 2C89F2CF1BAC758D0071C696 /* Project object */;
			proxyType = 1;
			remoteGlobalIDString = 2C89F2D61BAC758D0071C696;
			remoteInfo = UITextFieldShakeSwift;
		};
/* End PBXContainerItemProxy section */

/* Begin PBXFileReference section */
		2C89F2D71BAC758D0071C696 /* UITextFieldShakeSwift.app */ = {isa = PBXFileReference; explicitFileType = wrapper.application; includeInIndex = 0; path = UITextFieldShakeSwift.app; sourceTree = BUILT_PRODUCTS_DIR; };
		2C89F2DA1BAC758D0071C696 /* AppDelegate.swift */ = {isa = PBXFileReference; lastKnownFileType = sourcecode.swift; path = AppDelegate.swift; sourceTree = "<group>"; };
		2C89F2E11BAC758D0071C696 /* Assets.xcassets */ = {isa = PBXFileReference; lastKnownFileType = folder.assetcatalog; path = Assets.xcassets; sourceTree = "<group>"; };
		2C89F2E41BAC758D0071C696 /* Base */ = {isa = PBXFileReference; lastKnownFileType = file.storyboard; name = Base; path = Base.lproj/LaunchScreen.storyboard; sourceTree = "<group>"; };
		2C89F2E61BAC758D0071C696 /* Info.plist */ = {isa = PBXFileReference; lastKnownFileType = text.plist.xml; path = Info.plist; sourceTree = "<group>"; };
		2C89F2EB1BAC758E0071C696 /* UITextFieldShakeSwiftTests.xctest */ = {isa = PBXFileReference; explicitFileType = wrapper.cfbundle; includeInIndex = 0; path = UITextFieldShakeSwiftTests.xctest; sourceTree = BUILT_PRODUCTS_DIR; };
		2C89F2EF1BAC758E0071C696 /* UITextFieldShakeSwiftTests.swift */ = {isa = PBXFileReference; lastKnownFileType = sourcecode.swift; path = UITextFieldShakeSwiftTests.swift; sourceTree = "<group>"; };
		2C89F2F11BAC758E0071C696 /* Info.plist */ = {isa = PBXFileReference; lastKnownFileType = text.plist.xml; path = Info.plist; sourceTree = "<group>"; };
		2C89F2F61BAC758E0071C696 /* UITextFieldShakeSwiftUITests.xctest */ = {isa = PBXFileReference; explicitFileType = wrapper.cfbundle; includeInIndex = 0; path = UITextFieldShakeSwiftUITests.xctest; sourceTree = BUILT_PRODUCTS_DIR; };
		2C89F2FA1BAC758E0071C696 /* UITextFieldShakeSwiftUITests.swift */ = {isa = PBXFileReference; lastKnownFileType = sourcecode.swift; path = UITextFieldShakeSwiftUITests.swift; sourceTree = "<group>"; };
		2C89F2FC1BAC758E0071C696 /* Info.plist */ = {isa = PBXFileReference; lastKnownFileType = text.plist.xml; path = Info.plist; sourceTree = "<group>"; };
		2C89F3431BAC77630071C696 /* UITextField+Shake.swift */ = {isa = PBXFileReference; fileEncoding = 4; lastKnownFileType = sourcecode.swift; path = "UITextField+Shake.swift"; sourceTree = "<group>"; };
		2C89F3451BAC77B70071C696 /* Main.storyboard */ = {isa = PBXFileReference; fileEncoding = 4; lastKnownFileType = file.storyboard; path = Main.storyboard; sourceTree = "<group>"; };
		2C89F3461BAC77B70071C696 /* ViewController.swift */ = {isa = PBXFileReference; fileEncoding = 4; lastKnownFileType = sourcecode.swift; path = ViewController.swift; sourceTree = "<group>"; };
/* End PBXFileReference section */

/* Begin PBXFrameworksBuildPhase section */
		2C89F2D41BAC758D0071C696 /* Frameworks */ = {
			isa = PBXFrameworksBuildPhase;
			buildActionMask = 2147483647;
			files = (
			);
			runOnlyForDeploymentPostprocessing = 0;
		};
		2C89F2E81BAC758E0071C696 /* Frameworks */ = {
			isa = PBXFrameworksBuildPhase;
			buildActionMask = 2147483647;
			files = (
			);
			runOnlyForDeploymentPostprocessing = 0;
		};
		2C89F2F31BAC758E0071C696 /* Frameworks */ = {
			isa = PBXFrameworksBuildPhase;
			buildActionMask = 2147483647;
			files = (
			);
			runOnlyForDeploymentPostprocessing = 0;
		};
/* End PBXFrameworksBuildPhase section */

/* Begin PBXGroup section */
		2C89F2CE1BAC758D0071C696 = {
			isa = PBXGroup;
			children = (
				2C89F3421BAC77440071C696 /* UITextFieldShakeSwift-API */,
				2C89F2D91BAC758D0071C696 /* UITextFieldShakeSwift */,
				2C89F2EE1BAC758E0071C696 /* UITextFieldShakeSwiftTests */,
				2C89F2F91BAC758E0071C696 /* UITextFieldShakeSwiftUITests */,
				2C89F2D81BAC758D0071C696 /* Products */,
			);
			sourceTree = "<group>";
		};
		2C89F2D81BAC758D0071C696 /* Products */ = {
			isa = PBXGroup;
			children = (
				2C89F2D71BAC758D0071C696 /* UITextFieldShakeSwift.app */,
				2C89F2EB1BAC758E0071C696 /* UITextFieldShakeSwiftTests.xctest */,
				2C89F2F61BAC758E0071C696 /* UITextFieldShakeSwiftUITests.xctest */,
			);
			name = Products;
			sourceTree = "<group>";
		};
		2C89F2D91BAC758D0071C696 /* UITextFieldShakeSwift */ = {
			isa = PBXGroup;
			children = (
				2C89F3451BAC77B70071C696 /* Main.storyboard */,
				2C89F3461BAC77B70071C696 /* ViewController.swift */,
				2C89F2DA1BAC758D0071C696 /* AppDelegate.swift */,
				2C89F2E11BAC758D0071C696 /* Assets.xcassets */,
				2C89F2E31BAC758D0071C696 /* LaunchScreen.storyboard */,
				2C89F2E61BAC758D0071C696 /* Info.plist */,
			);
			path = UITextFieldShakeSwift;
			sourceTree = "<group>";
		};
		2C89F2EE1BAC758E0071C696 /* UITextFieldShakeSwiftTests */ = {
			isa = PBXGroup;
			children = (
				2C89F2EF1BAC758E0071C696 /* UITextFieldShakeSwiftTests.swift */,
				2C89F2F11BAC758E0071C696 /* Info.plist */,
			);
			path = UITextFieldShakeSwiftTests;
			sourceTree = "<group>";
		};
		2C89F2F91BAC758E0071C696 /* UITextFieldShakeSwiftUITests */ = {
			isa = PBXGroup;
			children = (
				2C89F2FA1BAC758E0071C696 /* UITextFieldShakeSwiftUITests.swift */,
				2C89F2FC1BAC758E0071C696 /* Info.plist */,
			);
			path = UITextFieldShakeSwiftUITests;
			sourceTree = "<group>";
		};
		2C89F3421BAC77440071C696 /* UITextFieldShakeSwift-API */ = {
			isa = PBXGroup;
			children = (
				2C89F3431BAC77630071C696 /* UITextField+Shake.swift */,
			);
			name = "UITextFieldShakeSwift-API";
			sourceTree = "<group>";
		};
/* End PBXGroup section */

/* Begin PBXNativeTarget section */
		2C89F2D61BAC758D0071C696 /* UITextFieldShakeSwift */ = {
			isa = PBXNativeTarget;
			buildConfigurationList = 2C89F2FF1BAC758E0071C696 /* Build configuration list for PBXNativeTarget "UITextFieldShakeSwift" */;
			buildPhases = (
				2C89F2D31BAC758D0071C696 /* Sources */,
				2C89F2D41BAC758D0071C696 /* Frameworks */,
				2C89F2D51BAC758D0071C696 /* Resources */,
			);
			buildRules = (
			);
			dependencies = (
			);
			name = UITextFieldShakeSwift;
			productName = UITextFieldShakeSwift;
			productReference = 2C89F2D71BAC758D0071C696 /* UITextFieldShakeSwift.app */;
			productType = "com.apple.product-type.application";
		};
		2C89F2EA1BAC758E0071C696 /* UITextFieldShakeSwiftTests */ = {
			isa = PBXNativeTarget;
			buildConfigurationList = 2C89F3021BAC758E0071C696 /* Build configuration list for PBXNativeTarget "UITextFieldShakeSwiftTests" */;
			buildPhases = (
				2C89F2E71BAC758E0071C696 /* Sources */,
				2C89F2E81BAC758E0071C696 /* Frameworks */,
				2C89F2E91BAC758E0071C696 /* Resources */,
			);
			buildRules = (
			);
			dependencies = (
				2C89F2ED1BAC758E0071C696 /* PBXTargetDependency */,
			);
			name = UITextFieldShakeSwiftTests;
			productName = UITextFieldShakeSwiftTests;
			productReference = 2C89F2EB1BAC758E0071C696 /* UITextFieldShakeSwiftTests.xctest */;
			productType = "com.apple.product-type.bundle.unit-test";
		};
		2C89F2F51BAC758E0071C696 /* UITextFieldShakeSwiftUITests */ = {
			isa = PBXNativeTarget;
			buildConfigurationList = 2C89F3051BAC758E0071C696 /* Build configuration list for PBXNativeTarget "UITextFieldShakeSwiftUITests" */;
			buildPhases = (
				2C89F2F21BAC758E0071C696 /* Sources */,
				2C89F2F31BAC758E0071C696 /* Frameworks */,
				2C89F2F41BAC758E0071C696 /* Resources */,
			);
			buildRules = (
			);
			dependencies = (
				2C89F2F81BAC758E0071C696 /* PBXTargetDependency */,
			);
			name = UITextFieldShakeSwiftUITests;
			productName = UITextFieldShakeSwiftUITests;
			productReference = 2C89F2F61BAC758E0071C696 /* UITextFieldShakeSwiftUITests.xctest */;
			productType = "com.apple.product-type.bundle.ui-testing";
		};
/* End PBXNativeTarget section */

/* Begin PBXProject section */
		2C89F2CF1BAC758D0071C696 /* Project object */ = {
			isa = PBXProject;
			attributes = {
				LastUpgradeCheck = 0700;
				ORGANIZATIONNAME = "My Organization";
				TargetAttributes = {
					2C89F2D61BAC758D0071C696 = {
						CreatedOnToolsVersion = 7.0;
						LastSwiftMigration = 0800;
					};
					2C89F2EA1BAC758E0071C696 = {
						CreatedOnToolsVersion = 7.0;
						LastSwiftMigration = 0800;
						TestTargetID = 2C89F2D61BAC758D0071C696;
					};
					2C89F2F51BAC758E0071C696 = {
						CreatedOnToolsVersion = 7.0;
						LastSwiftMigration = 0800;
						TestTargetID = 2C89F2D61BAC758D0071C696;
					};
				};
			};
			buildConfigurationList = 2C89F2D21BAC758D0071C696 /* Build configuration list for PBXProject "UITextFieldShakeSwift" */;
			compatibilityVersion = "Xcode 6.3";
			developmentRegion = English;
			hasScannedForEncodings = 0;
			knownRegions = (
				en,
				Base,
			);
			mainGroup = 2C89F2CE1BAC758D0071C696;
			productRefGroup = 2C89F2D81BAC758D0071C696 /* Products */;
			projectDirPath = "";
			projectRoot = "";
			targets = (
				2C89F2D61BAC758D0071C696 /* UITextFieldShakeSwift */,
				2C89F2EA1BAC758E0071C696 /* UITextFieldShakeSwiftTests */,
				2C89F2F51BAC758E0071C696 /* UITextFieldShakeSwiftUITests */,
			);
		};
/* End PBXProject section */

/* Begin PBXResourcesBuildPhase section */
		2C89F2D51BAC758D0071C696 /* Resources */ = {
			isa = PBXResourcesBuildPhase;
			buildActionMask = 2147483647;
			files = (
				2C89F3471BAC77B70071C696 /* Main.storyboard in Resources */,
				2C89F2E51BAC758D0071C696 /* LaunchScreen.storyboard in Resources */,
				2C89F2E21BAC758D0071C696 /* Assets.xcassets in Resources */,
			);
			runOnlyForDeploymentPostprocessing = 0;
		};
		2C89F2E91BAC758E0071C696 /* Resources */ = {
			isa = PBXResourcesBuildPhase;
			buildActionMask = 2147483647;
			files = (
			);
			runOnlyForDeploymentPostprocessing = 0;
		};
		2C89F2F41BAC758E0071C696 /* Resources */ = {
			isa = PBXResourcesBuildPhase;
			buildActionMask = 2147483647;
			files = (
			);
			runOnlyForDeploymentPostprocessing = 0;
		};
/* End PBXResourcesBuildPhase section */

/* Begin PBXSourcesBuildPhase section */
		2C89F2D31BAC758D0071C696 /* Sources */ = {
			isa = PBXSourcesBuildPhase;
			buildActionMask = 2147483647;
			files = (
				2C89F3481BAC77B70071C696 /* ViewController.swift in Sources */,
				2C89F3441BAC77630071C696 /* UITextField+Shake.swift in Sources */,
				2C89F2DB1BAC758D0071C696 /* AppDelegate.swift in Sources */,
			);
			runOnlyForDeploymentPostprocessing = 0;
		};
		2C89F2E71BAC758E0071C696 /* Sources */ = {
			isa = PBXSourcesBuildPhase;
			buildActionMask = 2147483647;
			files = (
				2C89F2F01BAC758E0071C696 /* UITextFieldShakeSwiftTests.swift in Sources */,
			);
			runOnlyForDeploymentPostprocessing = 0;
		};
		2C89F2F21BAC758E0071C696 /* Sources */ = {
			isa = PBXSourcesBuildPhase;
			buildActionMask = 2147483647;
			files = (
				2C89F2FB1BAC758E0071C696 /* UITextFieldShakeSwiftUITests.swift in Sources */,
			);
			runOnlyForDeploymentPostprocessing = 0;
		};
/* End PBXSourcesBuildPhase section */

/* Begin PBXTargetDependency section */
		2C89F2ED1BAC758E0071C696 /* PBXTargetDependency */ = {
			isa = PBXTargetDependency;
			target = 2C89F2D61BAC758D0071C696 /* UITextFieldShakeSwift */;
			targetProxy = 2C89F2EC1BAC758E0071C696 /* PBXContainerItemProxy */;
		};
		2C89F2F81BAC758E0071C696 /* PBXTargetDependency */ = {
			isa = PBXTargetDependency;
			target = 2C89F2D61BAC758D0071C696 /* UITextFieldShakeSwift */;
			targetProxy = 2C89F2F71BAC758E0071C696 /* PBXContainerItemProxy */;
		};
/* End PBXTargetDependency section */

/* Begin PBXVariantGroup section */
		2C89F2E31BAC758D0071C696 /* LaunchScreen.storyboard */ = {
			isa = PBXVariantGroup;
			children = (
				2C89F2E41BAC758D0071C696 /* Base */,
			);
			name = LaunchScreen.storyboard;
			sourceTree = "<group>";
		};
/* End PBXVariantGroup section */

/* Begin XCBuildConfiguration section */
		2C89F2FD1BAC758E0071C696 /* Debug */ = {
			isa = XCBuildConfiguration;
			buildSettings = {
				ALWAYS_SEARCH_USER_PATHS = NO;
				CLANG_CXX_LANGUAGE_STANDARD = "gnu++0x";
				CLANG_CXX_LIBRARY = "libc++";
				CLANG_ENABLE_MODULES = YES;
				CLANG_ENABLE_OBJC_ARC = YES;
				CLANG_WARN_BOOL_CONVERSION = YES;
				CLANG_WARN_CONSTANT_CONVERSION = YES;
				CLANG_WARN_DIRECT_OBJC_ISA_USAGE = YES_ERROR;
				CLANG_WARN_EMPTY_BODY = YES;
				CLANG_WARN_ENUM_CONVERSION = YES;
				CLANG_WARN_INT_CONVERSION = YES;
				CLANG_WARN_OBJC_ROOT_CLASS = YES_ERROR;
				CLANG_WARN_UNREACHABLE_CODE = YES;
				CLANG_WARN__DUPLICATE_METHOD_MATCH = YES;
				"CODE_SIGN_IDENTITY[sdk=iphoneos*]" = "iPhone Developer";
				COPY_PHASE_STRIP = NO;
				DEBUG_INFORMATION_FORMAT = dwarf;
				ENABLE_STRICT_OBJC_MSGSEND = YES;
				ENABLE_TESTABILITY = YES;
				GCC_C_LANGUAGE_STANDARD = gnu99;
				GCC_DYNAMIC_NO_PIC = NO;
				GCC_NO_COMMON_BLOCKS = YES;
				GCC_OPTIMIZATION_LEVEL = 0;
				GCC_PREPROCESSOR_DEFINITIONS = (
					"DEBUG=1",
					"$(inherited)",
				);
				GCC_WARN_64_TO_32_BIT_CONVERSION = YES;
				GCC_WARN_ABOUT_RETURN_TYPE = YES_ERROR;
				GCC_WARN_UNDECLARED_SELECTOR = YES;
				GCC_WARN_UNINITIALIZED_AUTOS = YES_AGGRESSIVE;
				GCC_WARN_UNUSED_FUNCTION = YES;
				GCC_WARN_UNUSED_VARIABLE = YES;
				IPHONEOS_DEPLOYMENT_TARGET = 9.0;
				MTL_ENABLE_DEBUG_INFO = YES;
				ONLY_ACTIVE_ARCH = YES;
				SDKROOT = iphoneos;
				SWIFT_OPTIMIZATION_LEVEL = "-Onone";
				TARGETED_DEVICE_FAMILY = "1,2";
			};
			name = Debug;
		};
		2C89F2FE1BAC758E0071C696 /* Release */ = {
			isa = XCBuildConfiguration;
			buildSettings = {
				ALWAYS_SEARCH_USER_PATHS = NO;
				CLANG_CXX_LANGUAGE_STANDARD = "gnu++0x";
				CLANG_CXX_LIBRARY = "libc++";
				CLANG_ENABLE_MODULES = YES;
				CLANG_ENABLE_OBJC_ARC = YES;
				CLANG_WARN_BOOL_CONVERSION = YES;
				CLANG_WARN_CONSTANT_CONVERSION = YES;
				CLANG_WARN_DIRECT_OBJC_ISA_USAGE = YES_ERROR;
				CLANG_WARN_EMPTY_BODY = YES;
				CLANG_WARN_ENUM_CONVERSION = YES;
				CLANG_WARN_INT_CONVERSION = YES;
				CLANG_WARN_OBJC_ROOT_CLASS = YES_ERROR;
				CLANG_WARN_UNREACHABLE_CODE = YES;
				CLANG_WARN__DUPLICATE_METHOD_MATCH = YES;
				"CODE_SIGN_IDENTITY[sdk=iphoneos*]" = "iPhone Developer";
				COPY_PHASE_STRIP = NO;
				DEBUG_INFORMATION_FORMAT = "dwarf-with-dsym";
				ENABLE_NS_ASSERTIONS = NO;
				ENABLE_STRICT_OBJC_MSGSEND = YES;
				GCC_C_LANGUAGE_STANDARD = gnu99;
				GCC_NO_COMMON_BLOCKS = YES;
				GCC_WARN_64_TO_32_BIT_CONVERSION = YES;
				GCC_WARN_ABOUT_RETURN_TYPE = YES_ERROR;
				GCC_WARN_UNDECLARED_SELECTOR = YES;
				GCC_WARN_UNINITIALIZED_AUTOS = YES_AGGRESSIVE;
				GCC_WARN_UNUSED_FUNCTION = YES;
				GCC_WARN_UNUSED_VARIABLE = YES;
				IPHONEOS_DEPLOYMENT_TARGET = 9.0;
				MTL_ENABLE_DEBUG_INFO = NO;
				SDKROOT = iphoneos;
				TARGETED_DEVICE_FAMILY = "1,2";
				VALIDATE_PRODUCT = YES;
			};
			name = Release;
		};
		2C89F3001BAC758E0071C696 /* Debug */ = {
			isa = XCBuildConfiguration;
			buildSettings = {
				ASSETCATALOG_COMPILER_APPICON_NAME = AppIcon;
				INFOPLIST_FILE = UITextFieldShakeSwift/Info.plist;
				IPHONEOS_DEPLOYMENT_TARGET = 9.0;
				LD_RUNPATH_SEARCH_PATHS = "$(inherited) @executable_path/Frameworks";
				PRODUCT_BUNDLE_IDENTIFIER = com.myappname.UITextFieldShakeSwift;
				PRODUCT_NAME = "$(TARGET_NAME)";
				SWIFT_VERSION = 3.0;
			};
			name = Debug;
		};
		2C89F3011BAC758E0071C696 /* Release */ = {
			isa = XCBuildConfiguration;
			buildSettings = {
				ASSETCATALOG_COMPILER_APPICON_NAME = AppIcon;
				INFOPLIST_FILE = UITextFieldShakeSwift/Info.plist;
				IPHONEOS_DEPLOYMENT_TARGET = 9.0;
				LD_RUNPATH_SEARCH_PATHS = "$(inherited) @executable_path/Frameworks";
				PRODUCT_BUNDLE_IDENTIFIER = com.myappname.UITextFieldShakeSwift;
				PRODUCT_NAME = "$(TARGET_NAME)";
				SWIFT_VERSION = 3.0;
			};
			name = Release;
		};
		2C89F3031BAC758E0071C696 /* Debug */ = {
			isa = XCBuildConfiguration;
			buildSettings = {
				BUNDLE_LOADER = "$(TEST_HOST)";
				INFOPLIST_FILE = UITextFieldShakeSwiftTests/Info.plist;
				LD_RUNPATH_SEARCH_PATHS = "$(inherited) @executable_path/Frameworks @loader_path/Frameworks";
				PRODUCT_BUNDLE_IDENTIFIER = com.myappname.UITextFieldShakeSwiftTests;
				PRODUCT_NAME = "$(TARGET_NAME)";
				SWIFT_VERSION = 3.0;
				TEST_HOST = "$(BUILT_PRODUCTS_DIR)/UITextFieldShakeSwift.app/UITextFieldShakeSwift";
			};
			name = Debug;
		};
		2C89F3041BAC758E0071C696 /* Release */ = {
			isa = XCBuildConfiguration;
			buildSettings = {
				BUNDLE_LOADER = "$(TEST_HOST)";
				INFOPLIST_FILE = UITextFieldShakeSwiftTests/Info.plist;
				LD_RUNPATH_SEARCH_PATHS = "$(inherited) @executable_path/Frameworks @loader_path/Frameworks";
				PRODUCT_BUNDLE_IDENTIFIER = com.myappname.UITextFieldShakeSwiftTests;
				PRODUCT_NAME = "$(TARGET_NAME)";
				SWIFT_VERSION = 3.0;
				TEST_HOST = "$(BUILT_PRODUCTS_DIR)/UITextFieldShakeSwift.app/UITextFieldShakeSwift";
			};
			name = Release;
		};
		2C89F3061BAC758E0071C696 /* Debug */ = {
			isa = XCBuildConfiguration;
			buildSettings = {
				INFOPLIST_FILE = UITextFieldShakeSwiftUITests/Info.plist;
				LD_RUNPATH_SEARCH_PATHS = "$(inherited) @executable_path/Frameworks @loader_path/Frameworks";
				PRODUCT_BUNDLE_IDENTIFIER = com.myappname.UITextFieldShakeSwiftUITests;
				PRODUCT_NAME = "$(TARGET_NAME)";
				SWIFT_VERSION = 3.0;
				TEST_TARGET_NAME = UITextFieldShakeSwift;
				USES_XCTRUNNER = YES;
			};
			name = Debug;
		};
		2C89F3071BAC758E0071C696 /* Release */ = {
			isa = XCBuildConfiguration;
			buildSettings = {
				INFOPLIST_FILE = UITextFieldShakeSwiftUITests/Info.plist;
				LD_RUNPATH_SEARCH_PATHS = "$(inherited) @executable_path/Frameworks @loader_path/Frameworks";
				PRODUCT_BUNDLE_IDENTIFIER = com.myappname.UITextFieldShakeSwiftUITests;
				PRODUCT_NAME = "$(TARGET_NAME)";
				SWIFT_VERSION = 3.0;
				TEST_TARGET_NAME = UITextFieldShakeSwift;
				USES_XCTRUNNER = YES;
			};
			name = Release;
		};
/* End XCBuildConfiguration section */

/* Begin XCConfigurationList section */
		2C89F2D21BAC758D0071C696 /* Build configuration list for PBXProject "UITextFieldShakeSwift" */ = {
			isa = XCConfigurationList;
			buildConfigurations = (
				2C89F2FD1BAC758E0071C696 /* Debug */,
				2C89F2FE1BAC758E0071C696 /* Release */,
			);
			defaultConfigurationIsVisible = 0;
			defaultConfigurationName = Release;
		};
		2C89F2FF1BAC758E0071C696 /* Build configuration list for PBXNativeTarget "UITextFieldShakeSwift" */ = {
			isa = XCConfigurationList;
			buildConfigurations = (
				2C89F3001BAC758E0071C696 /* Debug */,
				2C89F3011BAC758E0071C696 /* Release */,
			);
			defaultConfigurationIsVisible = 0;
			defaultConfigurationName = Release;
		};
		2C89F3021BAC758E0071C696 /* Build configuration list for PBXNativeTarget "UITextFieldShakeSwiftTests" */ = {
			isa = XCConfigurationList;
			buildConfigurations = (
				2C89F3031BAC758E0071C696 /* Debug */,
				2C89F3041BAC758E0071C696 /* Release */,
			);
			defaultConfigurationIsVisible = 0;
			defaultConfigurationName = Release;
		};
		2C89F3051BAC758E0071C696 /* Build configuration list for PBXNativeTarget "UITextFieldShakeSwiftUITests" */ = {
			isa = XCConfigurationList;
			buildConfigurations = (
				2C89F3061BAC758E0071C696 /* Debug */,
				2C89F3071BAC758E0071C696 /* Release */,
			);
			defaultConfigurationIsVisible = 0;
			defaultConfigurationName = Release;
		};
/* End XCConfigurationList section */
	};
	rootObject = 2C89F2CF1BAC758D0071C696 /* Project object */;
}
